
Microsoft Visual Studio Solution File, Format Version 12.00
# Visual Studio Version 17
VisualStudioVersion = 17.3.32929.385
MinimumVisualStudioVersion = 10.0.40219.1
Project("{FAE04EC0-301F-11D3-BF4B-00C04F79EFBC}") = "HelloWorld", "HelloWorld.csproj", "{C6E57BB3-F8FB-4299-B7F3-005D8BA48FC4}"
EndProject
Global
	GlobalSection(SolutionConfigurationPlatforms) = preSolution
		Debug|Any CPU = Debug|Any CPU
		Release|Any CPU = Release|Any CPU
	EndGlobalSection
	GlobalSection(ProjectConfigurationPlatforms) = postSolution
		{C6E57BB3-F8FB-4299-B7F3-005D8BA48FC4}.Debug|Any CPU.ActiveCfg = Debug|Any CPU
		{C6E57BB3-F8FB-4299-B7F3-005D8BA48FC4}.Debug|Any CPU.Build.0 = Debug|Any CPU
		{C6E57BB3-F8FB-4299-B7F3-005D8BA48FC4}.Release|Any CPU.ActiveCfg = Release|Any CPU
		{C6E57BB3-F8FB-4299-B7F3-005D8BA48FC4}.Release|Any CPU.Build.0 = Release|Any CPU
	EndGlobalSection
	GlobalSection(SolutionProperties) = preSolution
		HideSolutionNode = FALSE
	EndGlobalSection
	GlobalSection(ExtensibilityGlobals) = postSolution
		SolutionGuid = {887EECEC-91AA-4320-935E-AF8686D79642}
	EndGlobalSection
EndGlobal
